
Microsoft Visual Studio Solution File, Format Version 12.00
# Visual Studio Version 17
VisualStudioVersion = 17.13.35931.197
MinimumVisualStudioVersion = 10.0.40219.1
Project("{FAE04EC0-301F-11D3-BF4B-00C04F79EFBC}") = "Flowingly.API", "Flowingly_API\Flowingly.API.csproj", "{911E8B93-31E4-4E24-99C0-20F4C634A8B2}"
EndProject
Project("{FAE04EC0-301F-11D3-BF4B-00C04F79EFBC}") = "Flowingly.API.UnitTest", "Flowingly.API.UnitTest\Flowingly.API.UnitTest.csproj", "{19795DCF-CC7F-4F76-AD3E-2C0933B21F26}"
EndProject
Project("{2150E333-8FDC-42A3-9474-1A3956D46DE8}") = "Solution Items", "Solution Items", "{8EC462FD-D22E-90A8-E5CE-7E832BA40C5D}"
	ProjectSection(SolutionItems) = preProject
		README.md = README.md
	EndProjectSection
EndProject
Global
	GlobalSection(SolutionConfigurationPlatforms) = preSolution
		Debug|Any CPU = Debug|Any CPU
		Release|Any CPU = Release|Any CPU
	EndGlobalSection
	GlobalSection(ProjectConfigurationPlatforms) = postSolution
		{911E8B93-31E4-4E24-99C0-20F4C634A8B2}.Debug|Any CPU.ActiveCfg = Debug|Any CPU
		{911E8B93-31E4-4E24-99C0-20F4C634A8B2}.Debug|Any CPU.Build.0 = Debug|Any CPU
		{911E8B93-31E4-4E24-99C0-20F4C634A8B2}.Release|Any CPU.ActiveCfg = Release|Any CPU
		{911E8B93-31E4-4E24-99C0-20F4C634A8B2}.Release|Any CPU.Build.0 = Release|Any CPU
		{19795DCF-CC7F-4F76-AD3E-2C0933B21F26}.Debug|Any CPU.ActiveCfg = Debug|Any CPU
		{19795DCF-CC7F-4F76-AD3E-2C0933B21F26}.Debug|Any CPU.Build.0 = Debug|Any CPU
		{19795DCF-CC7F-4F76-AD3E-2C0933B21F26}.Release|Any CPU.ActiveCfg = Release|Any CPU
		{19795DCF-CC7F-4F76-AD3E-2C0933B21F26}.Release|Any CPU.Build.0 = Release|Any CPU
	EndGlobalSection
	GlobalSection(SolutionProperties) = preSolution
		HideSolutionNode = FALSE
	EndGlobalSection
	GlobalSection(ExtensibilityGlobals) = postSolution
		SolutionGuid = {EFA58691-4C20-4D34-973A-06D9A4BD3730}
	EndGlobalSection
EndGlobal
